{
  "name": "afk-bot",
  "version": "1.3.2",
  "lockfileVersion": 1,
  "requires": true,
  "dependencies": {
    "@azure/msal-common": {
      "version": "9.1.1",
      "resolved": "https://registry.npmjs.org/@azure/msal-common/-/msal-common-9.1.1.tgz",
      "integrity": "sha512-we9xR8lvu47fF0h+J8KyXoRy9+G/fPzm3QEa2TrdR3jaVS3LKAyE2qyMuUkNdbVkvzl8Zr9f7l+IUSP22HeqXw=="
    },
    "@azure/msal-node": {
      "version": "1.14.6",
      "resolved": "https://registry.npmjs.org/@azure/msal-node/-/msal-node-1.14.6.tgz",
      "integrity": "sha512-em/qqFL5tLMxMPl9vormAs13OgZpmQoJbiQ/GlWr+BA77eCLoL+Ehr5xRHowYo+LFe5b+p+PJVkRvT+mLvOkwA==",
      "requires": {
        "@azure/msal-common": "^9.0.2",
        "jsonwebtoken": "^9.0.0",
        "uuid": "^8.3.0"
      }
    },
    "@types/node": {
      "version": "18.11.18",
      "resolved": "https://registry.npmjs.org/@types/node/-/node-18.11.18.tgz",
      "integrity": "sha512-DHQpWGjyQKSHj3ebjFI/wRKcqQcdR+MoFBygntYOZytCqNfkd2ZC4ARDJ2DQqhjH5p85Nnd3jhUJIXrszFX/JA=="
    },
    "@types/readable-stream": {
      "version": "2.3.15",
      "resolved": "https://registry.npmjs.org/@types/readable-stream/-/readable-stream-2.3.15.tgz",
      "integrity": "sha512-oM5JSKQCcICF1wvGgmecmHldZ48OZamtMxcGGVICOJA8o8cahXC1zEVAif8iwoc5j8etxFaRFnf095+CDsuoFQ==",
